
Microsoft Visual Studio Solution File, Format Version 12.00
# Visual Studio 15
Project("{FAE04EC0-301F-11D3-BF4B-00C04F79EFBC}") = "Assembly-CSharp", "Assembly-CSharp.csproj", "{F593E706-C961-F1FB-8F9D-39B7A4727053}"
EndProject
Project("{FAE04EC0-301F-11D3-BF4B-00C04F79EFBC}") = "Assembly-CSharp-Editor", "Assembly-CSharp-Editor.csproj", "{5819B365-A5D8-C62F-7595-53D7893476C2}"
EndProject
Global
	GlobalSection(SolutionConfigurationPlatforms) = preSolution
		Debug|Any CPU = Debug|Any CPU
		Release|Any CPU = Release|Any CPU
	EndGlobalSection
	GlobalSection(ProjectConfigurationPlatforms) = postSolution
		{F593E706-C961-F1FB-8F9D-39B7A4727053}.Debug|Any CPU.ActiveCfg = Debug|Any CPU
		{F593E706-C961-F1FB-8F9D-39B7A4727053}.Debug|Any CPU.Build.0 = Debug|Any CPU
		{F593E706-C961-F1FB-8F9D-39B7A4727053}.Release|Any CPU.ActiveCfg = Release|Any CPU
		{F593E706-C961-F1FB-8F9D-39B7A4727053}.Release|Any CPU.Build.0 = Release|Any CPU
		{5819B365-A5D8-C62F-7595-53D7893476C2}.Debug|Any CPU.ActiveCfg = Debug|Any CPU
		{5819B365-A5D8-C62F-7595-53D7893476C2}.Debug|Any CPU.Build.0 = Debug|Any CPU
		{5819B365-A5D8-C62F-7595-53D7893476C2}.Release|Any CPU.ActiveCfg = Release|Any CPU
		{5819B365-A5D8-C62F-7595-53D7893476C2}.Release|Any CPU.Build.0 = Release|Any CPU
	EndGlobalSection
	GlobalSection(SolutionProperties) = preSolution
		HideSolutionNode = FALSE
	EndGlobalSection
EndGlobal
